// !$*UTF8*$!
{
	archiveVersion = 1;
	classes = {
	};
	objectVersion = 56;
	objects = {

/* Begin PBXBuildFile section */
		2BA826042A8495820026756F /* RealityKitContent in Frameworks */ = {isa = PBXBuildFile; productRef = 2BA826032A8495820026756F /* RealityKitContent */; };
		2BA826062A8495820026756F /* GoGameApp.swift in Sources */ = {isa = PBXBuildFile; fileRef = 2BA826052A8495820026756F /* GoGameApp.swift */; };
		2BA826082A8495820026756F /* ContentView.swift in Sources */ = {isa = PBXBuildFile; fileRef = 2BA826072A8495820026756F /* ContentView.swift */; };
		2BA8260A2A8495820026756F /* ImmersiveView.swift in Sources */ = {isa = PBXBuildFile; fileRef = 2BA826092A8495820026756F /* ImmersiveView.swift */; };
		2BA8260C2A8495840026756F /* Assets.xcassets in Resources */ = {isa = PBXBuildFile; fileRef = 2BA8260B2A8495840026756F /* Assets.xcassets */; };
		2BA8260F2A8495840026756F /* Preview Assets.xcassets in Resources */ = {isa = PBXBuildFile; fileRef = 2BA8260E2A8495840026756F /* Preview Assets.xcassets */; };
		2BA8261A2A8495840026756F /* GoGameTests.swift in Sources */ = {isa = PBXBuildFile; fileRef = 2BA826192A8495840026756F /* GoGameTests.swift */; };
/* End PBXBuildFile section */

/* Begin PBXContainerItemProxy section */
		2BA826162A8495840026756F /* PBXContainerItemProxy */ = {
			isa = PBXContainerItemProxy;
			containerPortal = 2BA825F62A8495820026756F /* Project object */;
			proxyType = 1;
			remoteGlobalIDString = 2BA825FD2A8495820026756F;
			remoteInfo = GoGame;
		};
/* End PBXContainerItemProxy section */

/* Begin PBXFileReference section */
		2BA825FE2A8495820026756F /* GoGame.app */ = {isa = PBXFileReference; explicitFileType = wrapper.application; includeInIndex = 0; path = GoGame.app; sourceTree = BUILT_PRODUCTS_DIR; };
		2BA826022A8495820026756F /* RealityKitContent */ = {isa = PBXFileReference; lastKnownFileType = wrapper; path = RealityKitContent; sourceTree = "<group>"; };
		2BA826052A8495820026756F /* GoGameApp.swift */ = {isa = PBXFileReference; lastKnownFileType = sourcecode.swift; path = GoGameApp.swift; sourceTree = "<group>"; };
		2BA826072A8495820026756F /* ContentView.swift */ = {isa = PBXFileReference; lastKnownFileType = sourcecode.swift; path = ContentView.swift; sourceTree = "<group>"; };
		2BA826092A8495820026756F /* ImmersiveView.swift */ = {isa = PBXFileReference; lastKnownFileType = sourcecode.swift; path = ImmersiveView.swift; sourceTree = "<group>"; };
		2BA8260B2A8495840026756F /* Assets.xcassets */ = {isa = PBXFileReference; lastKnownFileType = folder.assetcatalog; path = Assets.xcassets; sourceTree = "<group>"; };
		2BA8260E2A8495840026756F /* Preview Assets.xcassets */ = {isa = PBXFileReference; lastKnownFileType = folder.assetcatalog; path = "Preview Assets.xcassets"; sourceTree = "<group>"; };
		2BA826102A8495840026756F /* Info.plist */ = {isa = PBXFileReference; lastKnownFileType = text.plist.xml; path = Info.plist; sourceTree = "<group>"; };
		2BA826152A8495840026756F /* GoGameTests.xctest */ = {isa = PBXFileReference; explicitFileType = wrapper.cfbundle; includeInIndex = 0; path = GoGameTests.xctest; sourceTree = BUILT_PRODUCTS_DIR; };
		2BA826192A8495840026756F /* GoGameTests.swift */ = {isa = PBXFileReference; lastKnownFileType = sourcecode.swift; path = GoGameTests.swift; sourceTree = "<group>"; };
/* End PBXFileReference section */

/* Begin PBXFrameworksBuildPhase section */
		2BA825FB2A8495820026756F /* Frameworks */ = {
			isa = PBXFrameworksBuildPhase;
			buildActionMask = 2147483647;
			files = (
				2BA826042A8495820026756F /* RealityKitContent in Frameworks */,
			);
			runOnlyForDeploymentPostprocessing = 0;
		};
		2BA826122A8495840026756F /* Frameworks */ = {
			isa = PBXFrameworksBuildPhase;
			buildActionMask = 2147483647;
			files = (
			);
			runOnlyForDeploymentPostprocessing = 0;
		};
/* End PBXFrameworksBuildPhase section */

/* Begin PBXGroup section */
		2BA825F52A8495820026756F = {
			isa = PBXGroup;
			children = (
				2BA826002A8495820026756F /* GoGame */,
				2BA826012A8495820026756F /* Packages */,
				2BA826182A8495840026756F /* GoGameTests */,
				2BA825FF2A8495820026756F /* Products */,
			);
			sourceTree = "<group>";
		};
		2BA825FF2A8495820026756F /* Products */ = {
			isa = PBXGroup;
			children = (
				2BA825FE2A8495820026756F /* GoGame.app */,
				2BA826152A8495840026756F /* GoGameTests.xctest */,
			);
			name = Products;
			sourceTree = "<group>";
		};
		2BA826002A8495820026756F /* GoGame */ = {
			isa = PBXGroup;
			children = (
				2BA826052A8495820026756F /* GoGameApp.swift */,
				2BA826072A8495820026756F /* ContentView.swift */,
				2BA826092A8495820026756F /* ImmersiveView.swift */,
				2BA8260B2A8495840026756F /* Assets.xcassets */,
				2BA826102A8495840026756F /* Info.plist */,
				2BA8260D2A8495840026756F /* Preview Content */,
			);
			path = GoGame;
			sourceTree = "<group>";
		};
		2BA826012A8495820026756F /* Packages */ = {
			isa = PBXGroup;
			children = (
				2BA826022A8495820026756F /* RealityKitContent */,
			);
			path = Packages;
			sourceTree = "<group>";
		};
		2BA8260D2A8495840026756F /* Preview Content */ = {
			isa = PBXGroup;
			children = (
				2BA8260E2A8495840026756F /* Preview Assets.xcassets */,
			);
			path = "Preview Content";
			sourceTree = "<group>";
		};
		2BA826182A8495840026756F /* GoGameTests */ = {
			isa = PBXGroup;
			children = (
				2BA826192A8495840026756F /* GoGameTests.swift */,
			);
			path = GoGameTests;
			sourceTree = "<group>";
		};
/* End PBXGroup section */

/* Begin PBXNativeTarget section */
		2BA825FD2A8495820026756F /* GoGame */ = {
			isa = PBXNativeTarget;
			buildConfigurationList = 2BA8261D2A8495840026756F /* Build configuration list for PBXNativeTarget "GoGame" */;
			buildPhases = (
				2BA825FA2A8495820026756F /* Sources */,
				2BA825FB2A8495820026756F /* Frameworks */,
				2BA825FC2A8495820026756F /* Resources */,
			);
			buildRules = (
			);
			dependencies = (
			);
			name = GoGame;
			packageProductDependencies = (
				2BA826032A8495820026756F /* RealityKitContent */,
			);
			productName = GoGame;
			productReference = 2BA825FE2A8495820026756F /* GoGame.app */;
			productType = "com.apple.product-type.application";
		};
		2BA826142A8495840026756F /* GoGameTests */ = {
			isa = PBXNativeTarget;
			buildConfigurationList = 2BA826202A8495840026756F /* Build configuration list for PBXNativeTarget "GoGameTests" */;
			buildPhases = (
				2BA826112A8495840026756F /* Sources */,
				2BA826122A8495840026756F /* Frameworks */,
				2BA826132A8495840026756F /* Resources */,
			);
			buildRules = (
			);
			dependencies = (
				2BA826172A8495840026756F /* PBXTargetDependency */,
			);
			name = GoGameTests;
			productName = GoGameTests;
			productReference = 2BA826152A8495840026756F /* GoGameTests.xctest */;
			productType = "com.apple.product-type.bundle.unit-test";
		};
/* End PBXNativeTarget section */

/* Begin PBXProject section */
		2BA825F62A8495820026756F /* Project object */ = {
			isa = PBXProject;
			attributes = {
				BuildIndependentTargetsInParallel = 1;
				LastSwiftUpdateCheck = 1500;
				LastUpgradeCheck = 1500;
				TargetAttributes = {
					2BA825FD2A8495820026756F = {
						CreatedOnToolsVersion = 15.0;
					};
					2BA826142A8495840026756F = {
						CreatedOnToolsVersion = 15.0;
						TestTargetID = 2BA825FD2A8495820026756F;
					};
				};
			};
			buildConfigurationList = 2BA825F92A8495820026756F /* Build configuration list for PBXProject "GoGame" */;
			compatibilityVersion = "Xcode 14.0";
			developmentRegion = en;
			hasScannedForEncodings = 0;
			knownRegions = (
				en,
				Base,
			);
			mainGroup = 2BA825F52A8495820026756F;
			productRefGroup = 2BA825FF2A8495820026756F /* Products */;
			projectDirPath = "";
			projectRoot = "";
			targets = (
				2BA825FD2A8495820026756F /* GoGame */,
				2BA826142A8495840026756F /* GoGameTests */,
			);
		};
/* End PBXProject section */

/* Begin PBXResourcesBuildPhase section */
		2BA825FC2A8495820026756F /* Resources */ = {
			isa = PBXResourcesBuildPhase;
			buildActionMask = 2147483647;
			files = (
				2BA8260F2A8495840026756F /* Preview Assets.xcassets in Resources */,
				2BA8260C2A8495840026756F /* Assets.xcassets in Resources */,
			);
			runOnlyForDeploymentPostprocessing = 0;
		};
		2BA826132A8495840026756F /* Resources */ = {
			isa = PBXResourcesBuildPhase;
			buildActionMask = 2147483647;
			files = (
			);
			runOnlyForDeploymentPostprocessing = 0;
		};
/* End PBXResourcesBuildPhase section */

/* Begin PBXSourcesBuildPhase section */
		2BA825FA2A8495820026756F /* Sources */ = {
			isa = PBXSourcesBuildPhase;
			buildActionMask = 2147483647;
			files = (
				2BA826082A8495820026756F /* ContentView.swift in Sources */,
				2BA826062A8495820026756F /* GoGameApp.swift in Sources */,
				2BA8260A2A8495820026756F /* ImmersiveView.swift in Sources */,
			);
			runOnlyForDeploymentPostprocessing = 0;
		};
		2BA826112A8495840026756F /* Sources */ = {
			isa = PBXSourcesBuildPhase;
			buildActionMask = 2147483647;
			files = (
				2BA8261A2A8495840026756F /* GoGameTests.swift in Sources */,
			);
			runOnlyForDeploymentPostprocessing = 0;
		};
/* End PBXSourcesBuildPhase section */

/* Begin PBXTargetDependency section */
		2BA826172A8495840026756F /* PBXTargetDependency */ = {
			isa = PBXTargetDependency;
			target = 2BA825FD2A8495820026756F /* GoGame */;
			targetProxy = 2BA826162A8495840026756F /* PBXContainerItemProxy */;
		};
/* End PBXTargetDependency section */

/* Begin XCBuildConfiguration section */
		2BA8261B2A8495840026756F /* Debug */ = {
			isa = XCBuildConfiguration;
			buildSettings = {
				ALWAYS_SEARCH_USER_PATHS = NO;
				ASSETCATALOG_COMPILER_GENERATE_SWIFT_ASSET_SYMBOL_EXTENSIONS = YES;
				CLANG_ANALYZER_NONNULL = YES;
				CLANG_ANALYZER_NUMBER_OBJECT_CONVERSION = YES_AGGRESSIVE;
				CLANG_CXX_LANGUAGE_STANDARD = "gnu++20";
				CLANG_ENABLE_MODULES = YES;
				CLANG_ENABLE_OBJC_ARC = YES;
				CLANG_ENABLE_OBJC_WEAK = YES;
				CLANG_WARN_BLOCK_CAPTURE_AUTORELEASING = YES;
				CLANG_WARN_BOOL_CONVERSION = YES;
				CLANG_WARN_COMMA = YES;
				CLANG_WARN_CONSTANT_CONVERSION = YES;
				CLANG_WARN_DEPRECATED_OBJC_IMPLEMENTATIONS = YES;
				CLANG_WARN_DIRECT_OBJC_ISA_USAGE = YES_ERROR;
				CLANG_WARN_DOCUMENTATION_COMMENTS = YES;
				CLANG_WARN_EMPTY_BODY = YES;
				CLANG_WARN_ENUM_CONVERSION = YES;
				CLANG_WARN_INFINITE_RECURSION = YES;
				CLANG_WARN_INT_CONVERSION = YES;
				CLANG_WARN_NON_LITERAL_NULL_CONVERSION = YES;
				CLANG_WARN_OBJC_IMPLICIT_RETAIN_SELF = YES;
				CLANG_WARN_OBJC_LITERAL_CONVERSION = YES;
				CLANG_WARN_OBJC_ROOT_CLASS = YES_ERROR;
				CLANG_WARN_QUOTED_INCLUDE_IN_FRAMEWORK_HEADER = YES;
				CLANG_WARN_RANGE_LOOP_ANALYSIS = YES;
				CLANG_WARN_STRICT_PROTOTYPES = YES;
				CLANG_WARN_SUSPICIOUS_MOVE = YES;
				CLANG_WARN_UNGUARDED_AVAILABILITY = YES_AGGRESSIVE;
				CLANG_WARN_UNREACHABLE_CODE = YES;
				CLANG_WARN__DUPLICATE_METHOD_MATCH = YES;
				COPY_PHASE_STRIP = NO;
				DEBUG_INFORMATION_FORMAT = dwarf;
				ENABLE_STRICT_OBJC_MSGSEND = YES;
				ENABLE_TESTABILITY = YES;
				ENABLE_USER_SCRIPT_SANDBOXING = YES;
				GCC_C_LANGUAGE_STANDARD = gnu17;
				GCC_DYNAMIC_NO_PIC = NO;
				GCC_NO_COMMON_BLOCKS = YES;
				GCC_OPTIMIZATION_LEVEL = 0;
				GCC_PREPROCESSOR_DEFINITIONS = (
					"DEBUG=1",
					"$(inherited)",
				);
				GCC_WARN_64_TO_32_BIT_CONVERSION = YES;
				GCC_WARN_ABOUT_RETURN_TYPE = YES_ERROR;
				GCC_WARN_UNDECLARED_SELECTOR = YES;
				GCC_WARN_UNINITIALIZED_AUTOS = YES_AGGRESSIVE;
				GCC_WARN_UNUSED_FUNCTION = YES;
				GCC_WARN_UNUSED_VARIABLE = YES;
				LOCALIZATION_PREFERS_STRING_CATALOGS = YES;
				MTL_ENABLE_DEBUG_INFO = INCLUDE_SOURCE;
				MTL_FAST_MATH = YES;
				ONLY_ACTIVE_ARCH = YES;
				SDKROOT = xros;
				SWIFT_ACTIVE_COMPILATION_CONDITIONS = "DEBUG $(inherited)";
				SWIFT_OPTIMIZATION_LEVEL = "-Onone";
				XROS_DEPLOYMENT_TARGET = 1.0;
			};
			name = Debug;
		};
		2BA8261C2A8495840026756F /* Release */ = {
			isa = XCBuildConfiguration;
			buildSettings = {
				ALWAYS_SEARCH_USER_PATHS = NO;
				ASSETCATALOG_COMPILER_GENERATE_SWIFT_ASSET_SYMBOL_EXTENSIONS = YES;
				CLANG_ANALYZER_NONNULL = YES;
				CLANG_ANALYZER_NUMBER_OBJECT_CONVERSION = YES_AGGRESSIVE;
				CLANG_CXX_LANGUAGE_STANDARD = "gnu++20";
				CLANG_ENABLE_MODULES = YES;
				CLANG_ENABLE_OBJC_ARC = YES;
				CLANG_ENABLE_OBJC_WEAK = YES;
				CLANG_WARN_BLOCK_CAPTURE_AUTORELEASING = YES;
				CLANG_WARN_BOOL_CONVERSION = YES;
				CLANG_WARN_COMMA = YES;
				CLANG_WARN_CONSTANT_CONVERSION = YES;
				CLANG_WARN_DEPRECATED_OBJC_IMPLEMENTATIONS = YES;
				CLANG_WARN_DIRECT_OBJC_ISA_USAGE = YES_ERROR;
				CLANG_WARN_DOCUMENTATION_COMMENTS = YES;
				CLANG_WARN_EMPTY_BODY = YES;
				CLANG_WARN_ENUM_CONVERSION = YES;
				CLANG_WARN_INFINITE_RECURSION = YES;
				CLANG_WARN_INT_CONVERSION = YES;
				CLANG_WARN_NON_LITERAL_NULL_CONVERSION = YES;
				CLANG_WARN_OBJC_IMPLICIT_RETAIN_SELF = YES;
				CLANG_WARN_OBJC_LITERAL_CONVERSION = YES;
				CLANG_WARN_OBJC_ROOT_CLASS = YES_ERROR;
				CLANG_WARN_QUOTED_INCLUDE_IN_FRAMEWORK_HEADER = YES;
				CLANG_WARN_RANGE_LOOP_ANALYSIS = YES;
				CLANG_WARN_STRICT_PROTOTYPES = YES;
				CLANG_WARN_SUSPICIOUS_MOVE = YES;
				CLANG_WARN_UNGUARDED_AVAILABILITY = YES_AGGRESSIVE;
				CLANG_WARN_UNREACHABLE_CODE = YES;
				CLANG_WARN__DUPLICATE_METHOD_MATCH = YES;
				COPY_PHASE_STRIP = NO;
				DEBUG_INFORMATION_FORMAT = "dwarf-with-dsym";
				ENABLE_NS_ASSERTIONS = NO;
				ENABLE_STRICT_OBJC_MSGSEND = YES;
				ENABLE_USER_SCRIPT_SANDBOXING = YES;
				GCC_C_LANGUAGE_STANDARD = gnu17;
				GCC_NO_COMMON_BLOCKS = YES;
				GCC_WARN_64_TO_32_BIT_CONVERSION = YES;
				GCC_WARN_ABOUT_RETURN_TYPE = YES_ERROR;
				GCC_WARN_UNDECLARED_SELECTOR = YES;
				GCC_WARN_UNINITIALIZED_AUTOS = YES_AGGRESSIVE;
				GCC_WARN_UNUSED_FUNCTION = YES;
				GCC_WARN_UNUSED_VARIABLE = YES;
				LOCALIZATION_PREFERS_STRING_CATALOGS = YES;
				MTL_ENABLE_DEBUG_INFO = NO;
				MTL_FAST_MATH = YES;
				SDKROOT = xros;
				SWIFT_COMPILATION_MODE = wholemodule;
				VALIDATE_PRODUCT = YES;
				XROS_DEPLOYMENT_TARGET = 1.0;
			};
			name = Release;
		};
		2BA8261E2A8495840026756F /* Debug */ = {
			isa = XCBuildConfiguration;
			buildSettings = {
				ASSETCATALOG_COMPILER_APPICON_NAME = AppIcon;
				ASSETCATALOG_COMPILER_GLOBAL_ACCENT_COLOR_NAME = AccentColor;
				CODE_SIGN_STYLE = Automatic;
				CURRENT_PROJECT_VERSION = 1;
				DEVELOPMENT_ASSET_PATHS = "\"GoGame/Preview Content\"";
				ENABLE_PREVIEWS = YES;
				GENERATE_INFOPLIST_FILE = YES;
				INFOPLIST_FILE = GoGame/Info.plist;
				INFOPLIST_KEY_UIApplicationSceneManifest_Generation = YES;
				LD_RUNPATH_SEARCH_PATHS = (
					"$(inherited)",
					"@executable_path/Frameworks",
				);
				MARKETING_VERSION = 1.0;
				PRODUCT_BUNDLE_IDENTIFIER = com.pico.GoGame;
				PRODUCT_NAME = "$(TARGET_NAME)";
				SUPPORTED_PLATFORMS = "xros xrsimulator";
				SWIFT_EMIT_LOC_STRINGS = YES;
				SWIFT_VERSION = 5.0;
				TARGETED_DEVICE_FAMILY = "1,2,7";
			};
			name = Debug;
		};
		2BA8261F2A8495840026756F /* Release */ = {
			isa = XCBuildConfiguration;
			buildSettings = {
				ASSETCATALOG_COMPILER_APPICON_NAME = AppIcon;
				ASSETCATALOG_COMPILER_GLOBAL_ACCENT_COLOR_NAME = AccentColor;
				CODE_SIGN_STYLE = Automatic;
				CURRENT_PROJECT_VERSION = 1;
				DEVELOPMENT_ASSET_PATHS = "\"GoGame/Preview Content\"";
				ENABLE_PREVIEWS = YES;
				GENERATE_INFOPLIST_FILE = YES;
				INFOPLIST_FILE = GoGame/Info.plist;
				INFOPLIST_KEY_UIApplicationSceneManifest_Generation = YES;
				LD_RUNPATH_SEARCH_PATHS = (
					"$(inherited)",
					"@executable_path/Frameworks",
				);
				MARKETING_VERSION = 1.0;
				PRODUCT_BUNDLE_IDENTIFIER = com.pico.GoGame;
				PRODUCT_NAME = "$(TARGET_NAME)";
				SUPPORTED_PLATFORMS = "xros xrsimulator";
				SWIFT_EMIT_LOC_STRINGS = YES;
				SWIFT_VERSION = 5.0;
				TARGETED_DEVICE_FAMILY = "1,2,7";
			};
			name = Release;
		};
		2BA826212A8495840026756F /* Debug */ = {
			isa = XCBuildConfiguration;
			buildSettings = {
				ALWAYS_EMBED_SWIFT_STANDARD_LIBRARIES = YES;
				BUNDLE_LOADER = "$(TEST_HOST)";
				CODE_SIGN_STYLE = Automatic;
				CURRENT_PROJECT_VERSION = 1;
				GENERATE_INFOPLIST_FILE = YES;
				MARKETING_VERSION = 1.0;
				PRODUCT_BUNDLE_IDENTIFIER = com.pico.GoGameTests;
				PRODUCT_NAME = "$(TARGET_NAME)";
				SUPPORTED_PLATFORMS = "xros xrsimulator";
				SWIFT_EMIT_LOC_STRINGS = NO;
				SWIFT_VERSION = 5.0;
				TARGETED_DEVICE_FAMILY = "1,2,7";
				TEST_HOST = "$(BUILT_PRODUCTS_DIR)/GoGame.app/$(BUNDLE_EXECUTABLE_FOLDER_PATH)/GoGame";
				XROS_DEPLOYMENT_TARGET = 1.0;
			};
			name = Debug;
		};
		2BA826222A8495840026756F /* Release */ = {
			isa = XCBuildConfiguration;
			buildSettings = {
				ALWAYS_EMBED_SWIFT_STANDARD_LIBRARIES = YES;
				BUNDLE_LOADER = "$(TEST_HOST)";
				CODE_SIGN_STYLE = Automatic;
				CURRENT_PROJECT_VERSION = 1;
				GENERATE_INFOPLIST_FILE = YES;
				MARKETING_VERSION = 1.0;
				PRODUCT_BUNDLE_IDENTIFIER = com.pico.GoGameTests;
				PRODUCT_NAME = "$(TARGET_NAME)";
				SUPPORTED_PLATFORMS = "xros xrsimulator";
				SWIFT_EMIT_LOC_STRINGS = NO;
				SWIFT_VERSION = 5.0;
				TARGETED_DEVICE_FAMILY = "1,2,7";
				TEST_HOST = "$(BUILT_PRODUCTS_DIR)/GoGame.app/$(BUNDLE_EXECUTABLE_FOLDER_PATH)/GoGame";
				XROS_DEPLOYMENT_TARGET = 1.0;
			};
			name = Release;
		};
/* End XCBuildConfiguration section */

/* Begin XCConfigurationList section */
		2BA825F92A8495820026756F /* Build configuration list for PBXProject "GoGame" */ = {
			isa = XCConfigurationList;
			buildConfigurations = (
				2BA8261B2A8495840026756F /* Debug */,
				2BA8261C2A8495840026756F /* Release */,
			);
			defaultConfigurationIsVisible = 0;
			defaultConfigurationName = Release;
		};
		2BA8261D2A8495840026756F /* Build configuration list for PBXNativeTarget "GoGame" */ = {
			isa = XCConfigurationList;
			buildConfigurations = (
				2BA8261E2A8495840026756F /* Debug */,
				2BA8261F2A8495840026756F /* Release */,
			);
			defaultConfigurationIsVisible = 0;
			defaultConfigurationName = Release;
		};
		2BA826202A8495840026756F /* Build configuration list for PBXNativeTarget "GoGameTests" */ = {
			isa = XCConfigurationList;
			buildConfigurations = (
				2BA826212A8495840026756F /* Debug */,
				2BA826222A8495840026756F /* Release */,
			);
			defaultConfigurationIsVisible = 0;
			defaultConfigurationName = Release;
		};
/* End XCConfigurationList section */

/* Begin XCSwiftPackageProductDependency section */
		2BA826032A8495820026756F /* RealityKitContent */ = {
			isa = XCSwiftPackageProductDependency;
			productName = RealityKitContent;
		};
/* End XCSwiftPackageProductDependency section */
	};
	rootObject = 2BA825F62A8495820026756F /* Project object */;
}
